
Microsoft Visual Studio Solution File, Format Version 12.00
# Visual Studio 15
VisualStudioVersion = 15.0.28307.902
MinimumVisualStudioVersion = 10.0.40219.1
Project("{FAE04EC0-301F-11D3-BF4B-00C04F79EFBC}") = "TestUseGithubForDeployment", "TestUseGithubForDeployment\TestUseGithubForDeployment.csproj", "{A17C897F-7923-44BE-A4D3-432AFA531894}"
EndProject
Global
	GlobalSection(SolutionConfigurationPlatforms) = preSolution
		Debug|Any CPU = Debug|Any CPU
		Release|Any CPU = Release|Any CPU
	EndGlobalSection
	GlobalSection(ProjectConfigurationPlatforms) = postSolution
		{A17C897F-7923-44BE-A4D3-432AFA531894}.Debug|Any CPU.ActiveCfg = Debug|Any CPU
		{A17C897F-7923-44BE-A4D3-432AFA531894}.Debug|Any CPU.Build.0 = Debug|Any CPU
		{A17C897F-7923-44BE-A4D3-432AFA531894}.Release|Any CPU.ActiveCfg = Release|Any CPU
		{A17C897F-7923-44BE-A4D3-432AFA531894}.Release|Any CPU.Build.0 = Release|Any CPU
	EndGlobalSection
	GlobalSection(SolutionProperties) = preSolution
		HideSolutionNode = FALSE
	EndGlobalSection
	GlobalSection(ExtensibilityGlobals) = postSolution
		SolutionGuid = {DE58CE0A-5D27-4355-BB9A-A49BBF8B3E72}
	EndGlobalSection
EndGlobal
